
Microsoft Visual Studio Solution File, Format Version 12.00
# Visual Studio Version 17
VisualStudioVersion = 17.1.32421.90
MinimumVisualStudioVersion = 10.0.40219.1
Project("{FAE04EC0-301F-11D3-BF4B-00C04F79EFBC}") = "Piskvorky_IT2B", "Piskvorky_IT2B\Piskvorky_IT2B.csproj", "{BF3F6A35-AF5E-4472-9095-01B490B0ADA2}"
EndProject
Global
	GlobalSection(SolutionConfigurationPlatforms) = preSolution
		Debug|Any CPU = Debug|Any CPU
		Release|Any CPU = Release|Any CPU
	EndGlobalSection
	GlobalSection(ProjectConfigurationPlatforms) = postSolution
		{BF3F6A35-AF5E-4472-9095-01B490B0ADA2}.Debug|Any CPU.ActiveCfg = Debug|Any CPU
		{BF3F6A35-AF5E-4472-9095-01B490B0ADA2}.Debug|Any CPU.Build.0 = Debug|Any CPU
		{BF3F6A35-AF5E-4472-9095-01B490B0ADA2}.Release|Any CPU.ActiveCfg = Release|Any CPU
		{BF3F6A35-AF5E-4472-9095-01B490B0ADA2}.Release|Any CPU.Build.0 = Release|Any CPU
	EndGlobalSection
	GlobalSection(SolutionProperties) = preSolution
		HideSolutionNode = FALSE
	EndGlobalSection
	GlobalSection(ExtensibilityGlobals) = postSolution
		SolutionGuid = {171F5249-6657-4FBA-B7A5-6F05269CFFC6}
	EndGlobalSection
EndGlobal
